
Microsoft Visual Studio Solution File, Format Version 12.00
# Visual Studio 14
VisualStudioVersion = 14.0.25420.1
MinimumVisualStudioVersion = 10.0.40219.1
Project("{2150E333-8FDC-42A3-9474-1A3956D46DE8}") = "src", "src", "{FC314105-A8BB-47D7-9107-413A4C6DA72E}"
EndProject
Project("{2150E333-8FDC-42A3-9474-1A3956D46DE8}") = "Solution Items", "Solution Items", "{45A63DA5-0E42-4D50-9CAB-D8307DF6F9F0}"
	ProjectSection(SolutionItems) = preProject
		global.json = global.json
	EndProjectSection
EndProject
Project("{8BB2217D-0F2D-49D1-97BC-3654ED321F3B}") = "MealsService", "src\MealsService\MealsService.xproj", "{FC417EA2-B644-41E1-ADA5-1D9CBB2F6FE4}"
EndProject
Global
	GlobalSection(SolutionConfigurationPlatforms) = preSolution
		Debug|Any CPU = Debug|Any CPU
		Release|Any CPU = Release|Any CPU
	EndGlobalSection
	GlobalSection(ProjectConfigurationPlatforms) = postSolution
		{FC417EA2-B644-41E1-ADA5-1D9CBB2F6FE4}.Debug|Any CPU.ActiveCfg = Debug|Any CPU
		{FC417EA2-B644-41E1-ADA5-1D9CBB2F6FE4}.Debug|Any CPU.Build.0 = Debug|Any CPU
		{FC417EA2-B644-41E1-ADA5-1D9CBB2F6FE4}.Release|Any CPU.ActiveCfg = Release|Any CPU
		{FC417EA2-B644-41E1-ADA5-1D9CBB2F6FE4}.Release|Any CPU.Build.0 = Release|Any CPU
	EndGlobalSection
	GlobalSection(SolutionProperties) = preSolution
		HideSolutionNode = FALSE
	EndGlobalSection
	GlobalSection(NestedProjects) = preSolution
		{FC417EA2-B644-41E1-ADA5-1D9CBB2F6FE4} = {FC314105-A8BB-47D7-9107-413A4C6DA72E}
	EndGlobalSection
EndGlobal
